# Code generated by scarb DO NOT EDIT.
version = 1

[[package]]
name = "corelib_imports"
version = "0.1.2"
source = "git+https://github.com/keep-starknet-strange/garaga.git?branch=main#3c946a056155b7450550a108c3519c3f2477a240"

[[package]]
name = "garaga"
version = "1.0.1"
source = "git+https://github.com/keep-starknet-strange/garaga.git?branch=main#3c946a056155b7450550a108c3519c3f2477a240"
dependencies = [
 "corelib_imports",
]

[[package]]
name = "snforge_scarb_plugin"
version = "0.55.0"
source = "git+https://github.com/foundry-rs/starknet-foundry?tag=v0.55.0#8891212a4fe99f1787298042f828ebd4e4abe9a3"

[[package]]
name = "snforge_std"
version = "0.55.0"
source = "git+https://github.com/foundry-rs/starknet-foundry?tag=v0.55.0#8891212a4fe99f1787298042f828ebd4e4abe9a3"
dependencies = [
 "snforge_scarb_plugin",
]

[[package]]
name = "stealth_flow"
version = "0.1.0"
dependencies = [
 "garaga",
 "snforge_std",
]
